
Microsoft Visual Studio Solution File, Format Version 12.00
# Visual Studio Version 17
VisualStudioVersion = 17.6.33815.320
MinimumVisualStudioVersion = 10.0.40219.1
Project("{FAE04EC0-301F-11D3-BF4B-00C04F79EFBC}") = "Lab3.03Cshap", "Lab3.03Cshap.csproj", "{3EAD0DB0-5D04-4D0F-9915-E33FB10F5D44}"
EndProject
Global
	GlobalSection(SolutionConfigurationPlatforms) = preSolution
		Debug|Any CPU = Debug|Any CPU
		Release|Any CPU = Release|Any CPU
	EndGlobalSection
	GlobalSection(ProjectConfigurationPlatforms) = postSolution
		{3EAD0DB0-5D04-4D0F-9915-E33FB10F5D44}.Debug|Any CPU.ActiveCfg = Debug|Any CPU
		{3EAD0DB0-5D04-4D0F-9915-E33FB10F5D44}.Debug|Any CPU.Build.0 = Debug|Any CPU
		{3EAD0DB0-5D04-4D0F-9915-E33FB10F5D44}.Release|Any CPU.ActiveCfg = Release|Any CPU
		{3EAD0DB0-5D04-4D0F-9915-E33FB10F5D44}.Release|Any CPU.Build.0 = Release|Any CPU
	EndGlobalSection
	GlobalSection(SolutionProperties) = preSolution
		HideSolutionNode = FALSE
	EndGlobalSection
	GlobalSection(ExtensibilityGlobals) = postSolution
		SolutionGuid = {00779E99-0B90-4A10-9E51-2B2DA21BAE1E}
	EndGlobalSection
EndGlobal
